<?xml version="1.0" encoding="utf-8"?>
<Project ToolsVersion="4.0" xmlns="http://schemas.microsoft.com/developer/msbuild/2003">
  <ItemGroup>
    <ClCompile Include=".\iothub_client_sample_device_method.c" />
    <ClCompile Include="jsmn\jsmn.c">
      <Filter>jsmn</Filter>
    </ClCompile>
    <ClCompile Include="Utilities.c" />
    <ClCompile Include="DMTasks\ConfigurationUpdate.c">
      <Filter>DMTasks</Filter>
    </ClCompile>
    <ClCompile Include="DMTasks\FirmwareUpdate.c">
      <Filter>DMTasks</Filter>
    </ClCompile>
    <ClCompile Include="SendReport.c" />
    <ClCompile Include="DMTasks\DMTaskEngine.c">
      <Filter>DMTasks</Filter>
    </ClCompile>
  </ItemGroup>
  <ItemGroup>
    <Filter Include="jsmn">
      <UniqueIdentifier>{1ddede64-4e94-4ce3-bea4-26cc96469b0f}</UniqueIdentifier>
    </Filter>
    <Filter Include="DMTasks">
      <UniqueIdentifier>{589290d6-4d16-422d-8157-10417af1237a}</UniqueIdentifier>
    </Filter>
  </ItemGroup>
  <ItemGroup>
    <ClInclude Include="jsmn\jsmn.h">
      <Filter>jsmn</Filter>
    </ClInclude>
    <ClInclude Include="Utilities.h" />
    <ClInclude Include="DMTasks\ConfigurationUpdate.h">
      <Filter>DMTasks</Filter>
    </ClInclude>
    <ClInclude Include="DMTasks\FirmwareUpdate.h">
      <Filter>DMTasks</Filter>
    </ClInclude>
    <ClInclude Include="SendReport.h" />
    <ClInclude Include="DMTasks\DMTaskEngine.h">
      <Filter>DMTasks</Filter>
    </ClInclude>
    <ClInclude Include="DMTasks\DMTaskBase.h">
      <Filter>DMTasks</Filter>
    </ClInclude>
  </ItemGroup>
</Project>